		
Microsoft Visual Studio Solution File, Format Version 12.00
Project("{FAE04EC0-301F-11D3-BF4B-00C04F79EFBC}") = "AbstractFactory", "AbstractFactory\AbstractFactory.csproj", "{565507B8-78A3-4DA0-BCEB-2A1B68052F4E}"
EndProject
Project("{FAE04EC0-301F-11D3-BF4B-00C04F79EFBC}") = "Builder", "Builder\Builder.csproj", "{F343FCBF-B4B3-4042-A693-9CFE5B0C1AAD}"
EndProject
Project("{FAE04EC0-301F-11D3-BF4B-00C04F79EFBC}") = "FactoryMethod", "FactoryMethod\FactoryMethod.csproj", "{9FA39CDC-EBC1-4566-A7AE-22144002D379}"
EndProject
Project("{FAE04EC0-301F-11D3-BF4B-00C04F79EFBC}") = "Singleton", "Singleton\Singleton.csproj", "{7C265603-B5B2-4236-A9E6-FAD97BCD39DF}"
EndProject
Project("{FAE04EC0-301F-11D3-BF4B-00C04F79EFBC}") = "Adapter", "Adapter\Adapter.csproj", "{CB1257B9-910A-4EEB-8D94-6DB3AA8C196D}"
EndProject
Project("{FAE04EC0-301F-11D3-BF4B-00C04F79EFBC}") = "Bridge", "Bridge\Bridge.csproj", "{BD522754-A62D-4616-9ADA-9C4620672037}"
EndProject
Project("{FAE04EC0-301F-11D3-BF4B-00C04F79EFBC}") = "Composite", "Composite\Composite.csproj", "{94E88A8C-EC6D-4F9E-ACC8-C9EDB2324AB8}"
EndProject
Project("{FAE04EC0-301F-11D3-BF4B-00C04F79EFBC}") = "Decorator", "Decorator\Decorator.csproj", "{CF4CA329-4FB9-4941-B956-6E4C5E5B22DE}"
EndProject
Project("{FAE04EC0-301F-11D3-BF4B-00C04F79EFBC}") = "Facade", "Facade\Facade.csproj", "{CA40C317-7F4F-4850-9F5E-2FA51B88C22F}"
EndProject
Project("{FAE04EC0-301F-11D3-BF4B-00C04F79EFBC}") = "FlyWeight", "FlyWeight\FlyWeight.csproj", "{9BB4E942-F134-4EA2-93F3-3A085D972C6F}"
EndProject
Project("{FAE04EC0-301F-11D3-BF4B-00C04F79EFBC}") = "Proxy", "Proxy\Proxy.csproj", "{EE580737-7FA3-4296-8568-8549006238E3}"
EndProject
Project("{FAE04EC0-301F-11D3-BF4B-00C04F79EFBC}") = "ChainOfResponsibility", "ChainOfResponsibility\ChainOfResponsibility.csproj", "{43E2DA7B-CB74-4A2F-B3CD-5D381C062B88}"
EndProject
Project("{FAE04EC0-301F-11D3-BF4B-00C04F79EFBC}") = "Command", "Command\Command.csproj", "{63F6204C-4F8D-419E-9E84-56918C6CB718}"
EndProject
Project("{FAE04EC0-301F-11D3-BF4B-00C04F79EFBC}") = "Iterator", "Iterator\Iterator.csproj", "{5CDAD676-C1D4-4CAE-A2F5-66FD75742338}"
EndProject
Project("{FAE04EC0-301F-11D3-BF4B-00C04F79EFBC}") = "Mediator", "Mediator\Mediator.csproj", "{8A9B48A1-F825-4702-8CE6-FEC79B4E6A2C}"
EndProject
Project("{FAE04EC0-301F-11D3-BF4B-00C04F79EFBC}") = "Memento", "Memento\Memento.csproj", "{143C5EF2-B771-4C94-A339-F5F8EB1A6E55}"
EndProject
Project("{FAE04EC0-301F-11D3-BF4B-00C04F79EFBC}") = "Prototype", "Prototype\Prototype.csproj", "{EC2F3224-6739-4901-9405-26026CED6A29}"
EndProject
Project("{FAE04EC0-301F-11D3-BF4B-00C04F79EFBC}") = "Observer", "Observer\Observer.csproj", "{9A7DC85C-8518-450F-9593-F825B0EA5CA3}"
EndProject
Project("{FAE04EC0-301F-11D3-BF4B-00C04F79EFBC}") = "State", "State\State.csproj", "{161376D8-FD1E-4723-8BAA-A0920D98FAEB}"
EndProject
Project("{FAE04EC0-301F-11D3-BF4B-00C04F79EFBC}") = "Strategy", "Strategy\Strategy.csproj", "{8CBC2CC0-FDE4-4D0A-9803-55B89ED051A0}"
EndProject
Project("{FAE04EC0-301F-11D3-BF4B-00C04F79EFBC}") = "TemplateMethod", "TemplateMethod\TemplateMethod.csproj", "{8F37E2B2-C663-4A06-85A0-761510C0A335}"
EndProject
Project("{FAE04EC0-301F-11D3-BF4B-00C04F79EFBC}") = "Visitor", "Visitor\Visitor.csproj", "{2BFF4B46-1623-4CD8-9502-C8D663D0E859}"
EndProject
Global
	GlobalSection(SolutionConfigurationPlatforms) = preSolution
		Debug|Any CPU = Debug|Any CPU
		Release|Any CPU = Release|Any CPU
	EndGlobalSection
	GlobalSection(ProjectConfigurationPlatforms) = postSolution
		{565507B8-78A3-4DA0-BCEB-2A1B68052F4E}.Debug|Any CPU.ActiveCfg = Debug|Any CPU
		{565507B8-78A3-4DA0-BCEB-2A1B68052F4E}.Debug|Any CPU.Build.0 = Debug|Any CPU
		{565507B8-78A3-4DA0-BCEB-2A1B68052F4E}.Release|Any CPU.ActiveCfg = Release|Any CPU
		{565507B8-78A3-4DA0-BCEB-2A1B68052F4E}.Release|Any CPU.Build.0 = Release|Any CPU
		{F343FCBF-B4B3-4042-A693-9CFE5B0C1AAD}.Debug|Any CPU.ActiveCfg = Debug|Any CPU
		{F343FCBF-B4B3-4042-A693-9CFE5B0C1AAD}.Debug|Any CPU.Build.0 = Debug|Any CPU
		{F343FCBF-B4B3-4042-A693-9CFE5B0C1AAD}.Release|Any CPU.ActiveCfg = Release|Any CPU
		{F343FCBF-B4B3-4042-A693-9CFE5B0C1AAD}.Release|Any CPU.Build.0 = Release|Any CPU
		{9FA39CDC-EBC1-4566-A7AE-22144002D379}.Debug|Any CPU.ActiveCfg = Debug|Any CPU
		{9FA39CDC-EBC1-4566-A7AE-22144002D379}.Debug|Any CPU.Build.0 = Debug|Any CPU
		{9FA39CDC-EBC1-4566-A7AE-22144002D379}.Release|Any CPU.ActiveCfg = Release|Any CPU
		{9FA39CDC-EBC1-4566-A7AE-22144002D379}.Release|Any CPU.Build.0 = Release|Any CPU
		{7C265603-B5B2-4236-A9E6-FAD97BCD39DF}.Debug|Any CPU.ActiveCfg = Debug|Any CPU
		{7C265603-B5B2-4236-A9E6-FAD97BCD39DF}.Debug|Any CPU.Build.0 = Debug|Any CPU
		{7C265603-B5B2-4236-A9E6-FAD97BCD39DF}.Release|Any CPU.ActiveCfg = Release|Any CPU
		{7C265603-B5B2-4236-A9E6-FAD97BCD39DF}.Release|Any CPU.Build.0 = Release|Any CPU
		{CB1257B9-910A-4EEB-8D94-6DB3AA8C196D}.Debug|Any CPU.ActiveCfg = Debug|Any CPU
		{CB1257B9-910A-4EEB-8D94-6DB3AA8C196D}.Debug|Any CPU.Build.0 = Debug|Any CPU
		{CB1257B9-910A-4EEB-8D94-6DB3AA8C196D}.Release|Any CPU.ActiveCfg = Release|Any CPU
		{CB1257B9-910A-4EEB-8D94-6DB3AA8C196D}.Release|Any CPU.Build.0 = Release|Any CPU
		{BD522754-A62D-4616-9ADA-9C4620672037}.Debug|Any CPU.ActiveCfg = Debug|Any CPU
		{BD522754-A62D-4616-9ADA-9C4620672037}.Debug|Any CPU.Build.0 = Debug|Any CPU
		{BD522754-A62D-4616-9ADA-9C4620672037}.Release|Any CPU.ActiveCfg = Release|Any CPU
		{BD522754-A62D-4616-9ADA-9C4620672037}.Release|Any CPU.Build.0 = Release|Any CPU
		{94E88A8C-EC6D-4F9E-ACC8-C9EDB2324AB8}.Debug|Any CPU.ActiveCfg = Debug|Any CPU
		{94E88A8C-EC6D-4F9E-ACC8-C9EDB2324AB8}.Debug|Any CPU.Build.0 = Debug|Any CPU
		{94E88A8C-EC6D-4F9E-ACC8-C9EDB2324AB8}.Release|Any CPU.ActiveCfg = Release|Any CPU
		{94E88A8C-EC6D-4F9E-ACC8-C9EDB2324AB8}.Release|Any CPU.Build.0 = Release|Any CPU
		{CF4CA329-4FB9-4941-B956-6E4C5E5B22DE}.Debug|Any CPU.ActiveCfg = Debug|Any CPU
		{CF4CA329-4FB9-4941-B956-6E4C5E5B22DE}.Debug|Any CPU.Build.0 = Debug|Any CPU
		{CF4CA329-4FB9-4941-B956-6E4C5E5B22DE}.Release|Any CPU.ActiveCfg = Release|Any CPU
		{CF4CA329-4FB9-4941-B956-6E4C5E5B22DE}.Release|Any CPU.Build.0 = Release|Any CPU
		{CA40C317-7F4F-4850-9F5E-2FA51B88C22F}.Debug|Any CPU.ActiveCfg = Debug|Any CPU
		{CA40C317-7F4F-4850-9F5E-2FA51B88C22F}.Debug|Any CPU.Build.0 = Debug|Any CPU
		{CA40C317-7F4F-4850-9F5E-2FA51B88C22F}.Release|Any CPU.ActiveCfg = Release|Any CPU
		{CA40C317-7F4F-4850-9F5E-2FA51B88C22F}.Release|Any CPU.Build.0 = Release|Any CPU
		{9BB4E942-F134-4EA2-93F3-3A085D972C6F}.Debug|Any CPU.ActiveCfg = Debug|Any CPU
		{9BB4E942-F134-4EA2-93F3-3A085D972C6F}.Debug|Any CPU.Build.0 = Debug|Any CPU
		{9BB4E942-F134-4EA2-93F3-3A085D972C6F}.Release|Any CPU.ActiveCfg = Release|Any CPU
		{9BB4E942-F134-4EA2-93F3-3A085D972C6F}.Release|Any CPU.Build.0 = Release|Any CPU
		{EE580737-7FA3-4296-8568-8549006238E3}.Debug|Any CPU.ActiveCfg = Debug|Any CPU
		{EE580737-7FA3-4296-8568-8549006238E3}.Debug|Any CPU.Build.0 = Debug|Any CPU
		{EE580737-7FA3-4296-8568-8549006238E3}.Release|Any CPU.ActiveCfg = Release|Any CPU
		{EE580737-7FA3-4296-8568-8549006238E3}.Release|Any CPU.Build.0 = Release|Any CPU
		{43E2DA7B-CB74-4A2F-B3CD-5D381C062B88}.Debug|Any CPU.ActiveCfg = Debug|Any CPU
		{43E2DA7B-CB74-4A2F-B3CD-5D381C062B88}.Debug|Any CPU.Build.0 = Debug|Any CPU
		{43E2DA7B-CB74-4A2F-B3CD-5D381C062B88}.Release|Any CPU.ActiveCfg = Release|Any CPU
		{43E2DA7B-CB74-4A2F-B3CD-5D381C062B88}.Release|Any CPU.Build.0 = Release|Any CPU
		{63F6204C-4F8D-419E-9E84-56918C6CB718}.Debug|Any CPU.ActiveCfg = Debug|Any CPU
		{63F6204C-4F8D-419E-9E84-56918C6CB718}.Debug|Any CPU.Build.0 = Debug|Any CPU
		{63F6204C-4F8D-419E-9E84-56918C6CB718}.Release|Any CPU.ActiveCfg = Release|Any CPU
		{63F6204C-4F8D-419E-9E84-56918C6CB718}.Release|Any CPU.Build.0 = Release|Any CPU
		{5CDAD676-C1D4-4CAE-A2F5-66FD75742338}.Debug|Any CPU.ActiveCfg = Debug|Any CPU
		{5CDAD676-C1D4-4CAE-A2F5-66FD75742338}.Debug|Any CPU.Build.0 = Debug|Any CPU
		{5CDAD676-C1D4-4CAE-A2F5-66FD75742338}.Release|Any CPU.ActiveCfg = Release|Any CPU
		{5CDAD676-C1D4-4CAE-A2F5-66FD75742338}.Release|Any CPU.Build.0 = Release|Any CPU
		{8A9B48A1-F825-4702-8CE6-FEC79B4E6A2C}.Debug|Any CPU.ActiveCfg = Debug|Any CPU
		{8A9B48A1-F825-4702-8CE6-FEC79B4E6A2C}.Debug|Any CPU.Build.0 = Debug|Any CPU
		{8A9B48A1-F825-4702-8CE6-FEC79B4E6A2C}.Release|Any CPU.ActiveCfg = Release|Any CPU
		{8A9B48A1-F825-4702-8CE6-FEC79B4E6A2C}.Release|Any CPU.Build.0 = Release|Any CPU
		{143C5EF2-B771-4C94-A339-F5F8EB1A6E55}.Debug|Any CPU.ActiveCfg = Debug|Any CPU
		{143C5EF2-B771-4C94-A339-F5F8EB1A6E55}.Debug|Any CPU.Build.0 = Debug|Any CPU
		{143C5EF2-B771-4C94-A339-F5F8EB1A6E55}.Release|Any CPU.ActiveCfg = Release|Any CPU
		{143C5EF2-B771-4C94-A339-F5F8EB1A6E55}.Release|Any CPU.Build.0 = Release|Any CPU
		{EC2F3224-6739-4901-9405-26026CED6A29}.Debug|Any CPU.ActiveCfg = Debug|Any CPU
		{EC2F3224-6739-4901-9405-26026CED6A29}.Debug|Any CPU.Build.0 = Debug|Any CPU
		{EC2F3224-6739-4901-9405-26026CED6A29}.Release|Any CPU.ActiveCfg = Release|Any CPU
		{EC2F3224-6739-4901-9405-26026CED6A29}.Release|Any CPU.Build.0 = Release|Any CPU
		{9A7DC85C-8518-450F-9593-F825B0EA5CA3}.Debug|Any CPU.ActiveCfg = Debug|Any CPU
		{9A7DC85C-8518-450F-9593-F825B0EA5CA3}.Debug|Any CPU.Build.0 = Debug|Any CPU
		{9A7DC85C-8518-450F-9593-F825B0EA5CA3}.Release|Any CPU.ActiveCfg = Release|Any CPU
		{9A7DC85C-8518-450F-9593-F825B0EA5CA3}.Release|Any CPU.Build.0 = Release|Any CPU
		{161376D8-FD1E-4723-8BAA-A0920D98FAEB}.Debug|Any CPU.ActiveCfg = Debug|Any CPU
		{161376D8-FD1E-4723-8BAA-A0920D98FAEB}.Debug|Any CPU.Build.0 = Debug|Any CPU
		{161376D8-FD1E-4723-8BAA-A0920D98FAEB}.Release|Any CPU.ActiveCfg = Release|Any CPU
		{161376D8-FD1E-4723-8BAA-A0920D98FAEB}.Release|Any CPU.Build.0 = Release|Any CPU
		{8CBC2CC0-FDE4-4D0A-9803-55B89ED051A0}.Debug|Any CPU.ActiveCfg = Debug|Any CPU
		{8CBC2CC0-FDE4-4D0A-9803-55B89ED051A0}.Debug|Any CPU.Build.0 = Debug|Any CPU
		{8CBC2CC0-FDE4-4D0A-9803-55B89ED051A0}.Release|Any CPU.ActiveCfg = Release|Any CPU
		{8CBC2CC0-FDE4-4D0A-9803-55B89ED051A0}.Release|Any CPU.Build.0 = Release|Any CPU
		{8F37E2B2-C663-4A06-85A0-761510C0A335}.Debug|Any CPU.ActiveCfg = Debug|Any CPU
		{8F37E2B2-C663-4A06-85A0-761510C0A335}.Debug|Any CPU.Build.0 = Debug|Any CPU
		{8F37E2B2-C663-4A06-85A0-761510C0A335}.Release|Any CPU.ActiveCfg = Release|Any CPU
		{8F37E2B2-C663-4A06-85A0-761510C0A335}.Release|Any CPU.Build.0 = Release|Any CPU
		{2BFF4B46-1623-4CD8-9502-C8D663D0E859}.Debug|Any CPU.ActiveCfg = Debug|Any CPU
		{2BFF4B46-1623-4CD8-9502-C8D663D0E859}.Debug|Any CPU.Build.0 = Debug|Any CPU
		{2BFF4B46-1623-4CD8-9502-C8D663D0E859}.Release|Any CPU.ActiveCfg = Release|Any CPU
		{2BFF4B46-1623-4CD8-9502-C8D663D0E859}.Release|Any CPU.Build.0 = Release|Any CPU
	EndGlobalSection
EndGlobal
